
Microsoft Visual Studio Solution File, Format Version 12.00
# Visual Studio Version 17
VisualStudioVersion = 17.8.34525.116
MinimumVisualStudioVersion = 10.0.40219.1
Project("{FAE04EC0-301F-11D3-BF4B-00C04F79EFBC}") = "Bootstrap", "Bootstrap\Bootstrap.csproj", "{ACD10B4F-E4C4-4B29-90FC-1EEDAC5B02BA}"
EndProject
Global
	GlobalSection(SolutionConfigurationPlatforms) = preSolution
		Debug|Any CPU = Debug|Any CPU
		Release|Any CPU = Release|Any CPU
	EndGlobalSection
	GlobalSection(ProjectConfigurationPlatforms) = postSolution
		{ACD10B4F-E4C4-4B29-90FC-1EEDAC5B02BA}.Debug|Any CPU.ActiveCfg = Debug|Any CPU
		{ACD10B4F-E4C4-4B29-90FC-1EEDAC5B02BA}.Debug|Any CPU.Build.0 = Debug|Any CPU
		{ACD10B4F-E4C4-4B29-90FC-1EEDAC5B02BA}.Release|Any CPU.ActiveCfg = Release|Any CPU
		{ACD10B4F-E4C4-4B29-90FC-1EEDAC5B02BA}.Release|Any CPU.Build.0 = Release|Any CPU
	EndGlobalSection
	GlobalSection(SolutionProperties) = preSolution
		HideSolutionNode = FALSE
	EndGlobalSection
	GlobalSection(ExtensibilityGlobals) = postSolution
		SolutionGuid = {0B16B519-514C-48FB-9B0C-5DAB011A4F86}
	EndGlobalSection
EndGlobal
